// !$*UTF8*$!
{
	archiveVersion = 1;
	classes = {
	};
	objectVersion = 50;
	objects = {

/* Begin PBXBuildFile section */
		233C151E2202864700AA4322 /* AppDelegate.swift in Sources */ = {isa = PBXBuildFile; fileRef = 233C151D2202864700AA4322 /* AppDelegate.swift */; };
		233C15202202864700AA4322 /* MainViewController.swift in Sources */ = {isa = PBXBuildFile; fileRef = 233C151F2202864700AA4322 /* MainViewController.swift */; };
		233C15232202864700AA4322 /* Main.storyboard in Resources */ = {isa = PBXBuildFile; fileRef = 233C15212202864700AA4322 /* Main.storyboard */; };
		233C15262202864700AA4322 /* TripGenerator.xcdatamodeld in Sources */ = {isa = PBXBuildFile; fileRef = 233C15242202864700AA4322 /* TripGenerator.xcdatamodeld */; };
		233C15282202864900AA4322 /* Assets.xcassets in Resources */ = {isa = PBXBuildFile; fileRef = 233C15272202864900AA4322 /* Assets.xcassets */; };
		233C152B2202864900AA4322 /* LaunchScreen.storyboard in Resources */ = {isa = PBXBuildFile; fileRef = 233C15292202864900AA4322 /* LaunchScreen.storyboard */; };
		23CC64CE2203636500207CB1 /* TripViewController.swift in Sources */ = {isa = PBXBuildFile; fileRef = 23CC64CD2203636500207CB1 /* TripViewController.swift */; };
		6AB66D2C8734377AD4D6B61B /* Pods_TripGenerator.framework in Frameworks */ = {isa = PBXBuildFile; fileRef = 23EEBEFD0D0F53C61580E6E0 /* Pods_TripGenerator.framework */; };
/* End PBXBuildFile section */

/* Begin PBXFileReference section */
		233C151A2202864700AA4322 /* TripGenerator.app */ = {isa = PBXFileReference; explicitFileType = wrapper.application; includeInIndex = 0; path = TripGenerator.app; sourceTree = BUILT_PRODUCTS_DIR; };
		233C151D2202864700AA4322 /* AppDelegate.swift */ = {isa = PBXFileReference; lastKnownFileType = sourcecode.swift; path = AppDelegate.swift; sourceTree = "<group>"; };
		233C151F2202864700AA4322 /* MainViewController.swift */ = {isa = PBXFileReference; lastKnownFileType = sourcecode.swift; path = MainViewController.swift; sourceTree = "<group>"; };
		233C15222202864700AA4322 /* Base */ = {isa = PBXFileReference; lastKnownFileType = file.storyboard; name = Base; path = Base.lproj/Main.storyboard; sourceTree = "<group>"; };
		233C15252202864700AA4322 /* TripGenerator.xcdatamodel */ = {isa = PBXFileReference; lastKnownFileType = wrapper.xcdatamodel; path = TripGenerator.xcdatamodel; sourceTree = "<group>"; };
		233C15272202864900AA4322 /* Assets.xcassets */ = {isa = PBXFileReference; lastKnownFileType = folder.assetcatalog; path = Assets.xcassets; sourceTree = "<group>"; };
		233C152A2202864900AA4322 /* Base */ = {isa = PBXFileReference; lastKnownFileType = file.storyboard; name = Base; path = Base.lproj/LaunchScreen.storyboard; sourceTree = "<group>"; };
		233C152C2202864900AA4322 /* Info.plist */ = {isa = PBXFileReference; lastKnownFileType = text.plist.xml; path = Info.plist; sourceTree = "<group>"; };
		23CC64CD2203636500207CB1 /* TripViewController.swift */ = {isa = PBXFileReference; lastKnownFileType = sourcecode.swift; path = TripViewController.swift; sourceTree = "<group>"; };
		23EEBEFD0D0F53C61580E6E0 /* Pods_TripGenerator.framework */ = {isa = PBXFileReference; explicitFileType = wrapper.framework; includeInIndex = 0; path = Pods_TripGenerator.framework; sourceTree = BUILT_PRODUCTS_DIR; };
		770078469DB390612866E83C /* Pods-TripGenerator.release.xcconfig */ = {isa = PBXFileReference; includeInIndex = 1; lastKnownFileType = text.xcconfig; name = "Pods-TripGenerator.release.xcconfig"; path = "Pods/Target Support Files/Pods-TripGenerator/Pods-TripGenerator.release.xcconfig"; sourceTree = "<group>"; };
		CF524223622A857D68C22B81 /* Pods-TripGenerator.debug.xcconfig */ = {isa = PBXFileReference; includeInIndex = 1; lastKnownFileType = text.xcconfig; name = "Pods-TripGenerator.debug.xcconfig"; path = "Pods/Target Support Files/Pods-TripGenerator/Pods-TripGenerator.debug.xcconfig"; sourceTree = "<group>"; };
/* End PBXFileReference section */

/* Begin PBXFrameworksBuildPhase section */
		233C15172202864700AA4322 /* Frameworks */ = {
			isa = PBXFrameworksBuildPhase;
			buildActionMask = 2147483647;
			files = (
				6AB66D2C8734377AD4D6B61B /* Pods_TripGenerator.framework in Frameworks */,
			);
			runOnlyForDeploymentPostprocessing = 0;
		};
/* End PBXFrameworksBuildPhase section */

/* Begin PBXGroup section */
		233C15112202864700AA4322 = {
			isa = PBXGroup;
			children = (
				233C151C2202864700AA4322 /* TripGenerator */,
				233C151B2202864700AA4322 /* Products */,
				69707403C23C1CDA0C7F3C12 /* Pods */,
				295429E2D1F3D7204D4552B7 /* Frameworks */,
			);
			sourceTree = "<group>";
		};
		233C151B2202864700AA4322 /* Products */ = {
			isa = PBXGroup;
			children = (
				233C151A2202864700AA4322 /* TripGenerator.app */,
			);
			name = Products;
			sourceTree = "<group>";
		};
		233C151C2202864700AA4322 /* TripGenerator */ = {
			isa = PBXGroup;
			children = (
				233C151D2202864700AA4322 /* AppDelegate.swift */,
				23CC64CF22036B8800207CB1 /* Controller */,
				23AFAB9C220386F4001A50A5 /* View */,
				233C15272202864900AA4322 /* Assets.xcassets */,
				233C152C2202864900AA4322 /* Info.plist */,
				233C15242202864700AA4322 /* TripGenerator.xcdatamodeld */,
			);
			path = TripGenerator;
			sourceTree = "<group>";
		};
		23AFAB9C220386F4001A50A5 /* View */ = {
			isa = PBXGroup;
			children = (
				233C15212202864700AA4322 /* Main.storyboard */,
				233C15292202864900AA4322 /* LaunchScreen.storyboard */,
			);
			path = View;
			sourceTree = "<group>";
		};
		23CC64CF22036B8800207CB1 /* Controller */ = {
			isa = PBXGroup;
			children = (
				233C151F2202864700AA4322 /* MainViewController.swift */,
				23CC64CD2203636500207CB1 /* TripViewController.swift */,
			);
			path = Controller;
			sourceTree = "<group>";
		};
		295429E2D1F3D7204D4552B7 /* Frameworks */ = {
			isa = PBXGroup;
			children = (
				23EEBEFD0D0F53C61580E6E0 /* Pods_TripGenerator.framework */,
			);
			name = Frameworks;
			sourceTree = "<group>";
		};
		69707403C23C1CDA0C7F3C12 /* Pods */ = {
			isa = PBXGroup;
			children = (
				CF524223622A857D68C22B81 /* Pods-TripGenerator.debug.xcconfig */,
				770078469DB390612866E83C /* Pods-TripGenerator.release.xcconfig */,
			);
			name = Pods;
			sourceTree = "<group>";
		};
/* End PBXGroup section */

/* Begin PBXNativeTarget section */
		233C15192202864700AA4322 /* TripGenerator */ = {
			isa = PBXNativeTarget;
			buildConfigurationList = 233C152F2202864900AA4322 /* Build configuration list for PBXNativeTarget "TripGenerator" */;
			buildPhases = (
				17F08D85AF25A02A1DB720CB /* [CP] Check Pods Manifest.lock */,
				233C15162202864700AA4322 /* Sources */,
				233C15172202864700AA4322 /* Frameworks */,
				233C15182202864700AA4322 /* Resources */,
				2E42080F2E44A8DA5E0BF98F /* [CP] Embed Pods Frameworks */,
			);
			buildRules = (
			);
			dependencies = (
			);
			name = TripGenerator;
			productName = TripGenerator;
			productReference = 233C151A2202864700AA4322 /* TripGenerator.app */;
			productType = "com.apple.product-type.application";
		};
/* End PBXNativeTarget section */

/* Begin PBXProject section */
		233C15122202864700AA4322 /* Project object */ = {
			isa = PBXProject;
			attributes = {
				LastSwiftUpdateCheck = 1010;
				LastUpgradeCheck = 1010;
				ORGANIZATIONNAME = "Hemanth Yakkali";
				TargetAttributes = {
					233C15192202864700AA4322 = {
						CreatedOnToolsVersion = 10.1;
					};
				};
			};
			buildConfigurationList = 233C15152202864700AA4322 /* Build configuration list for PBXProject "TripGenerator" */;
			compatibilityVersion = "Xcode 9.3";
			developmentRegion = en;
			hasScannedForEncodings = 0;
			knownRegions = (
				en,
				Base,
			);
			mainGroup = 233C15112202864700AA4322;
			productRefGroup = 233C151B2202864700AA4322 /* Products */;
			projectDirPath = "";
			projectRoot = "";
			targets = (
				233C15192202864700AA4322 /* TripGenerator */,
			);
		};
/* End PBXProject section */

/* Begin PBXResourcesBuildPhase section */
		233C15182202864700AA4322 /* Resources */ = {
			isa = PBXResourcesBuildPhase;
			buildActionMask = 2147483647;
			files = (
				233C152B2202864900AA4322 /* LaunchScreen.storyboard in Resources */,
				233C15282202864900AA4322 /* Assets.xcassets in Resources */,
				233C15232202864700AA4322 /* Main.storyboard in Resources */,
			);
			runOnlyForDeploymentPostprocessing = 0;
		};
/* End PBXResourcesBuildPhase section */

/* Begin PBXShellScriptBuildPhase section */
		17F08D85AF25A02A1DB720CB /* [CP] Check Pods Manifest.lock */ = {
			isa = PBXShellScriptBuildPhase;
			buildActionMask = 2147483647;
			files = (
			);
			inputFileListPaths = (
			);
			inputPaths = (
				"${PODS_PODFILE_DIR_PATH}/Podfile.lock",
				"${PODS_ROOT}/Manifest.lock",
			);
			name = "[CP] Check Pods Manifest.lock";
			outputFileListPaths = (
			);
			outputPaths = (
				"$(DERIVED_FILE_DIR)/Pods-TripGenerator-checkManifestLockResult.txt",
			);
			runOnlyForDeploymentPostprocessing = 0;
			shellPath = /bin/sh;
			shellScript = "diff \"${PODS_PODFILE_DIR_PATH}/Podfile.lock\" \"${PODS_ROOT}/Manifest.lock\" > /dev/null\nif [ $? != 0 ] ; then\n    # print error to STDERR\n    echo \"error: The sandbox is not in sync with the Podfile.lock. Run 'pod install' or update your CocoaPods installation.\" >&2\n    exit 1\nfi\n# This output is used by Xcode 'outputs' to avoid re-running this script phase.\necho \"SUCCESS\" > \"${SCRIPT_OUTPUT_FILE_0}\"\n";
			showEnvVarsInLog = 0;
		};
		2E42080F2E44A8DA5E0BF98F /* [CP] Embed Pods Frameworks */ = {
			isa = PBXShellScriptBuildPhase;
			buildActionMask = 2147483647;
			files = (
			);
			inputFileListPaths = (
			);
			inputPaths = (
				"${SRCROOT}/Pods/Target Support Files/Pods-TripGenerator/Pods-TripGenerator-frameworks.sh",
				"${BUILT_PRODUCTS_DIR}/Alamofire/Alamofire.framework",
				"${BUILT_PRODUCTS_DIR}/DropDown/DropDown.framework",
				"${BUILT_PRODUCTS_DIR}/SwiftyJSON/SwiftyJSON.framework",
			);
			name = "[CP] Embed Pods Frameworks";
			outputFileListPaths = (
			);
			outputPaths = (
				"${TARGET_BUILD_DIR}/${FRAMEWORKS_FOLDER_PATH}/Alamofire.framework",
				"${TARGET_BUILD_DIR}/${FRAMEWORKS_FOLDER_PATH}/DropDown.framework",
				"${TARGET_BUILD_DIR}/${FRAMEWORKS_FOLDER_PATH}/SwiftyJSON.framework",
			);
			runOnlyForDeploymentPostprocessing = 0;
			shellPath = /bin/sh;
			shellScript = "\"${SRCROOT}/Pods/Target Support Files/Pods-TripGenerator/Pods-TripGenerator-frameworks.sh\"\n";
			showEnvVarsInLog = 0;
		};
/* End PBXShellScriptBuildPhase section */

/* Begin PBXSourcesBuildPhase section */
		233C15162202864700AA4322 /* Sources */ = {
			isa = PBXSourcesBuildPhase;
			buildActionMask = 2147483647;
			files = (
				233C15202202864700AA4322 /* MainViewController.swift in Sources */,
				23CC64CE2203636500207CB1 /* TripViewController.swift in Sources */,
				233C151E2202864700AA4322 /* AppDelegate.swift in Sources */,
				233C15262202864700AA4322 /* TripGenerator.xcdatamodeld in Sources */,
			);
			runOnlyForDeploymentPostprocessing = 0;
		};
/* End PBXSourcesBuildPhase section */

/* Begin PBXVariantGroup section */
		233C15212202864700AA4322 /* Main.storyboard */ = {
			isa = PBXVariantGroup;
			children = (
				233C15222202864700AA4322 /* Base */,
			);
			name = Main.storyboard;
			sourceTree = "<group>";
		};
		233C15292202864900AA4322 /* LaunchScreen.storyboard */ = {
			isa = PBXVariantGroup;
			children = (
				233C152A2202864900AA4322 /* Base */,
			);
			name = LaunchScreen.storyboard;
			sourceTree = "<group>";
		};
/* End PBXVariantGroup section */

/* Begin XCBuildConfiguration section */
		233C152D2202864900AA4322 /* Debug */ = {
			isa = XCBuildConfiguration;
			buildSettings = {
				ALWAYS_SEARCH_USER_PATHS = NO;
				CLANG_ANALYZER_NONNULL = YES;
				CLANG_ANALYZER_NUMBER_OBJECT_CONVERSION = YES_AGGRESSIVE;
				CLANG_CXX_LANGUAGE_STANDARD = "gnu++14";
				CLANG_CXX_LIBRARY = "libc++";
				CLANG_ENABLE_MODULES = YES;
				CLANG_ENABLE_OBJC_ARC = YES;
				CLANG_ENABLE_OBJC_WEAK = YES;
				CLANG_WARN_BLOCK_CAPTURE_AUTORELEASING = YES;
				CLANG_WARN_BOOL_CONVERSION = YES;
				CLANG_WARN_COMMA = YES;
				CLANG_WARN_CONSTANT_CONVERSION = YES;
				CLANG_WARN_DEPRECATED_OBJC_IMPLEMENTATIONS = YES;
				CLANG_WARN_DIRECT_OBJC_ISA_USAGE = YES_ERROR;
				CLANG_WARN_DOCUMENTATION_COMMENTS = YES;
				CLANG_WARN_EMPTY_BODY = YES;
				CLANG_WARN_ENUM_CONVERSION = YES;
				CLANG_WARN_INFINITE_RECURSION = YES;
				CLANG_WARN_INT_CONVERSION = YES;
				CLANG_WARN_NON_LITERAL_NULL_CONVERSION = YES;
				CLANG_WARN_OBJC_IMPLICIT_RETAIN_SELF = YES;
				CLANG_WARN_OBJC_LITERAL_CONVERSION = YES;
				CLANG_WARN_OBJC_ROOT_CLASS = YES_ERROR;
				CLANG_WARN_RANGE_LOOP_ANALYSIS = YES;
				CLANG_WARN_STRICT_PROTOTYPES = YES;
				CLANG_WARN_SUSPICIOUS_MOVE = YES;
				CLANG_WARN_UNGUARDED_AVAILABILITY = YES_AGGRESSIVE;
				CLANG_WARN_UNREACHABLE_CODE = YES;
				CLANG_WARN__DUPLICATE_METHOD_MATCH = YES;
				CODE_SIGN_IDENTITY = "iPhone Developer";
				COPY_PHASE_STRIP = NO;
				DEBUG_INFORMATION_FORMAT = dwarf;
				ENABLE_STRICT_OBJC_MSGSEND = YES;
				ENABLE_TESTABILITY = YES;
				GCC_C_LANGUAGE_STANDARD = gnu11;
				GCC_DYNAMIC_NO_PIC = NO;
				GCC_NO_COMMON_BLOCKS = YES;
				GCC_OPTIMIZATION_LEVEL = 0;
				GCC_PREPROCESSOR_DEFINITIONS = (
					"DEBUG=1",
					"$(inherited)",
				);
				GCC_WARN_64_TO_32_BIT_CONVERSION = YES;
				GCC_WARN_ABOUT_RETURN_TYPE = YES_ERROR;
				GCC_WARN_UNDECLARED_SELECTOR = YES;
				GCC_WARN_UNINITIALIZED_AUTOS = YES_AGGRESSIVE;
				GCC_WARN_UNUSED_FUNCTION = YES;
				GCC_WARN_UNUSED_VARIABLE = YES;
				IPHONEOS_DEPLOYMENT_TARGET = 12.1;
				MTL_ENABLE_DEBUG_INFO = INCLUDE_SOURCE;
				MTL_FAST_MATH = YES;
				ONLY_ACTIVE_ARCH = YES;
				SDKROOT = iphoneos;
				SWIFT_ACTIVE_COMPILATION_CONDITIONS = DEBUG;
				SWIFT_OPTIMIZATION_LEVEL = "-Onone";
			};
			name = Debug;
		};
		233C152E2202864900AA4322 /* Release */ = {
			isa = XCBuildConfiguration;
			buildSettings = {
				ALWAYS_SEARCH_USER_PATHS = NO;
				CLANG_ANALYZER_NONNULL = YES;
				CLANG_ANALYZER_NUMBER_OBJECT_CONVERSION = YES_AGGRESSIVE;
				CLANG_CXX_LANGUAGE_STANDARD = "gnu++14";
				CLANG_CXX_LIBRARY = "libc++";
				CLANG_ENABLE_MODULES = YES;
				CLANG_ENABLE_OBJC_ARC = YES;
				CLANG_ENABLE_OBJC_WEAK = YES;
				CLANG_WARN_BLOCK_CAPTURE_AUTORELEASING = YES;
				CLANG_WARN_BOOL_CONVERSION = YES;
				CLANG_WARN_COMMA = YES;
				CLANG_WARN_CONSTANT_CONVERSION = YES;
				CLANG_WARN_DEPRECATED_OBJC_IMPLEMENTATIONS = YES;
				CLANG_WARN_DIRECT_OBJC_ISA_USAGE = YES_ERROR;
				CLANG_WARN_DOCUMENTATION_COMMENTS = YES;
				CLANG_WARN_EMPTY_BODY = YES;
				CLANG_WARN_ENUM_CONVERSION = YES;
				CLANG_WARN_INFINITE_RECURSION = YES;
				CLANG_WARN_INT_CONVERSION = YES;
				CLANG_WARN_NON_LITERAL_NULL_CONVERSION = YES;
				CLANG_WARN_OBJC_IMPLICIT_RETAIN_SELF = YES;
				CLANG_WARN_OBJC_LITERAL_CONVERSION = YES;
				CLANG_WARN_OBJC_ROOT_CLASS = YES_ERROR;
				CLANG_WARN_RANGE_LOOP_ANALYSIS = YES;
				CLANG_WARN_STRICT_PROTOTYPES = YES;
				CLANG_WARN_SUSPICIOUS_MOVE = YES;
				CLANG_WARN_UNGUARDED_AVAILABILITY = YES_AGGRESSIVE;
				CLANG_WARN_UNREACHABLE_CODE = YES;
				CLANG_WARN__DUPLICATE_METHOD_MATCH = YES;
				CODE_SIGN_IDENTITY = "iPhone Developer";
				COPY_PHASE_STRIP = NO;
				DEBUG_INFORMATION_FORMAT = "dwarf-with-dsym";
				ENABLE_NS_ASSERTIONS = NO;
				ENABLE_STRICT_OBJC_MSGSEND = YES;
				GCC_C_LANGUAGE_STANDARD = gnu11;
				GCC_NO_COMMON_BLOCKS = YES;
				GCC_WARN_64_TO_32_BIT_CONVERSION = YES;
				GCC_WARN_ABOUT_RETURN_TYPE = YES_ERROR;
				GCC_WARN_UNDECLARED_SELECTOR = YES;
				GCC_WARN_UNINITIALIZED_AUTOS = YES_AGGRESSIVE;
				GCC_WARN_UNUSED_FUNCTION = YES;
				GCC_WARN_UNUSED_VARIABLE = YES;
				IPHONEOS_DEPLOYMENT_TARGET = 12.1;
				MTL_ENABLE_DEBUG_INFO = NO;
				MTL_FAST_MATH = YES;
				SDKROOT = iphoneos;
				SWIFT_COMPILATION_MODE = wholemodule;
				SWIFT_OPTIMIZATION_LEVEL = "-O";
				VALIDATE_PRODUCT = YES;
			};
			name = Release;
		};
		233C15302202864900AA4322 /* Debug */ = {
			isa = XCBuildConfiguration;
			baseConfigurationReference = CF524223622A857D68C22B81 /* Pods-TripGenerator.debug.xcconfig */;
			buildSettings = {
				ASSETCATALOG_COMPILER_APPICON_NAME = AppIcon;
				CODE_SIGN_STYLE = Automatic;
				DEVELOPMENT_TEAM = MQ2RK74BX9;
				INFOPLIST_FILE = TripGenerator/Info.plist;
				LD_RUNPATH_SEARCH_PATHS = (
					"$(inherited)",
					"@executable_path/Frameworks",
				);
				PRODUCT_BUNDLE_IDENTIFIER = "com.Hemanth-Yakkali.TripGenerator";
				PRODUCT_NAME = "$(TARGET_NAME)";
				SWIFT_VERSION = 4.2;
				TARGETED_DEVICE_FAMILY = "1,2";
			};
			name = Debug;
		};
		233C15312202864900AA4322 /* Release */ = {
			isa = XCBuildConfiguration;
			baseConfigurationReference = 770078469DB390612866E83C /* Pods-TripGenerator.release.xcconfig */;
			buildSettings = {
				ASSETCATALOG_COMPILER_APPICON_NAME = AppIcon;
				CODE_SIGN_STYLE = Automatic;
				DEVELOPMENT_TEAM = MQ2RK74BX9;
				INFOPLIST_FILE = TripGenerator/Info.plist;
				LD_RUNPATH_SEARCH_PATHS = (
					"$(inherited)",
					"@executable_path/Frameworks",
				);
				PRODUCT_BUNDLE_IDENTIFIER = "com.Hemanth-Yakkali.TripGenerator";
				PRODUCT_NAME = "$(TARGET_NAME)";
				SWIFT_VERSION = 4.2;
				TARGETED_DEVICE_FAMILY = "1,2";
			};
			name = Release;
		};
/* End XCBuildConfiguration section */

/* Begin XCConfigurationList section */
		233C15152202864700AA4322 /* Build configuration list for PBXProject "TripGenerator" */ = {
			isa = XCConfigurationList;
			buildConfigurations = (
				233C152D2202864900AA4322 /* Debug */,
				233C152E2202864900AA4322 /* Release */,
			);
			defaultConfigurationIsVisible = 0;
			defaultConfigurationName = Release;
		};
		233C152F2202864900AA4322 /* Build configuration list for PBXNativeTarget "TripGenerator" */ = {
			isa = XCConfigurationList;
			buildConfigurations = (
				233C15302202864900AA4322 /* Debug */,
				233C15312202864900AA4322 /* Release */,
			);
			defaultConfigurationIsVisible = 0;
			defaultConfigurationName = Release;
		};
/* End XCConfigurationList section */

/* Begin XCVersionGroup section */
		233C15242202864700AA4322 /* TripGenerator.xcdatamodeld */ = {
			isa = XCVersionGroup;
			children = (
				233C15252202864700AA4322 /* TripGenerator.xcdatamodel */,
			);
			currentVersion = 233C15252202864700AA4322 /* TripGenerator.xcdatamodel */;
			path = TripGenerator.xcdatamodeld;
			sourceTree = "<group>";
			versionGroupType = wrapper.xcdatamodel;
		};
/* End XCVersionGroup section */
	};
	rootObject = 233C15122202864700AA4322 /* Project object */;
}
